
Microsoft Visual Studio Solution File, Format Version 12.00
# Visual Studio 15
VisualStudioVersion = 15.0.28307.136
MinimumVisualStudioVersion = 10.0.40219.1
Project("{9A19103F-16F7-4668-BE54-9A1E7A4F7556}") = "WeBeat1", "WeBeat1\WeBeat1.csproj", "{5560F6A8-3070-4EAD-BA1B-60498F49AE68}"
EndProject
Project("{9A19103F-16F7-4668-BE54-9A1E7A4F7556}") = "CLBeats", "..\Nieuwe map\BeatsShop\CLBeats\CLBeats.csproj", "{596C92A6-5D51-4C2F-8D68-EC4F1A6A4688}"
EndProject
Global
	GlobalSection(SolutionConfigurationPlatforms) = preSolution
		Debug|Any CPU = Debug|Any CPU
		Release|Any CPU = Release|Any CPU
	EndGlobalSection
	GlobalSection(ProjectConfigurationPlatforms) = postSolution
		{5560F6A8-3070-4EAD-BA1B-60498F49AE68}.Debug|Any CPU.ActiveCfg = Debug|Any CPU
		{5560F6A8-3070-4EAD-BA1B-60498F49AE68}.Debug|Any CPU.Build.0 = Debug|Any CPU
		{5560F6A8-3070-4EAD-BA1B-60498F49AE68}.Release|Any CPU.ActiveCfg = Release|Any CPU
		{5560F6A8-3070-4EAD-BA1B-60498F49AE68}.Release|Any CPU.Build.0 = Release|Any CPU
		{596C92A6-5D51-4C2F-8D68-EC4F1A6A4688}.Debug|Any CPU.ActiveCfg = Debug|Any CPU
		{596C92A6-5D51-4C2F-8D68-EC4F1A6A4688}.Debug|Any CPU.Build.0 = Debug|Any CPU
		{596C92A6-5D51-4C2F-8D68-EC4F1A6A4688}.Release|Any CPU.ActiveCfg = Release|Any CPU
		{596C92A6-5D51-4C2F-8D68-EC4F1A6A4688}.Release|Any CPU.Build.0 = Release|Any CPU
	EndGlobalSection
	GlobalSection(SolutionProperties) = preSolution
		HideSolutionNode = FALSE
	EndGlobalSection
	GlobalSection(ExtensibilityGlobals) = postSolution
		SolutionGuid = {654C8932-111B-4FE4-8457-81D4F0318F7D}
	EndGlobalSection
EndGlobal
